PODS:
  - BoringSSL-GRPC (0.0.3):
    - BoringSSL-GRPC/Implementation (= 0.0.3)
    - BoringSSL-GRPC/Interface (= 0.0.3)
  - BoringSSL-GRPC/Implementation (0.0.3):
    - BoringSSL-GRPC/Interface (= 0.0.3)
  - BoringSSL-GRPC/Interface (0.0.3)
  - Firebase/Analytics (5.12.0):
    - Firebase/Core
  - Firebase/Core (5.12.0):
    - Firebase/CoreOnly
    - FirebaseAnalytics (= 5.3.0)
  - Firebase/CoreOnly (5.12.0):
    - FirebaseCore (= 5.1.7)
  - Firebase/Firestore (5.12.0):
    - Firebase/CoreOnly
    - FirebaseFirestore (= 0.14.0)
  - FirebaseAnalytics (5.3.0):
    - FirebaseCore (~> 5.1)
    - FirebaseInstanceID (~> 3.3)
    - GoogleAppMeasurement (~> 5.3)
    - GoogleUtilities/AppDelegateSwizzler (~> 5.2)
    - GoogleUtilities/MethodSwizzler (~> 5.2)
    - GoogleUtilities/Network (~> 5.2)
    - "GoogleUtilities/NSData+zlib (~> 5.2)"
    - nanopb (~> 0.3)
  - FirebaseAuthInterop (1.1.0)
  - FirebaseCore (5.1.7):
    - GoogleUtilities/Logger (~> 5.2)
  - FirebaseFirestore (0.14.0):
    - FirebaseAuthInterop (~> 1.0)
    - FirebaseCore (~> 5.1)
    - FirebaseFirestore/abseil-cpp (= 0.14.0)
    - "gRPC-C++ (~> 0.0.3)"
    - gRPC-ProtoRPC (~> 1.0)
    - leveldb-library (~> 1.20)
    - nanopb (~> 0.3.8)
    - Protobuf (~> 3.1)
  - FirebaseFirestore/abseil-cpp (0.14.0):
    - FirebaseAuthInterop (~> 1.0)
    - FirebaseCore (~> 5.1)
    - "gRPC-C++ (~> 0.0.3)"
    - gRPC-ProtoRPC (~> 1.0)
    - leveldb-library (~> 1.20)
    - nanopb (~> 0.3.8)
    - Protobuf (~> 3.1)
  - FirebaseInstanceID (3.3.0):
    - FirebaseCore (~> 5.1)
    - GoogleUtilities/Environment (~> 5.3)
    - GoogleUtilities/UserDefaults (~> 5.3)
  - FireStore (1.0.0):
    - FirebaseFirestore (~> 0.14)
    - FireStore/Core (= 1.0.0)
    - FireStore/ReactiveSwift (= 1.0.0)
    - SwiftXtend (~> 1.1)
  - FireStore/Core (1.0.0):
    - FirebaseFirestore (~> 0.14)
    - SwiftXtend (~> 1.1)
  - FireStore/ReactiveSwift (1.0.0):
    - FirebaseFirestore (~> 0.14)
    - FireStore/Core
    - ReactiveSwift (~> 4.0)
    - SwiftXtend (~> 1.1)
  - GoogleAppMeasurement (5.8.1):
    - GoogleUtilities/AppDelegateSwizzler (~> 5.2)
    - GoogleUtilities/MethodSwizzler (~> 5.2)
    - GoogleUtilities/Network (~> 5.2)
    - "GoogleUtilities/NSData+zlib (~> 5.2)"
    - nanopb (~> 0.3)
  - GoogleUtilities/AppDelegateSwizzler (5.8.0):
    - GoogleUtilities/Environment
    - GoogleUtilities/Logger
    - GoogleUtilities/Network
  - GoogleUtilities/Environment (5.8.0)
  - GoogleUtilities/Logger (5.8.0):
    - GoogleUtilities/Environment
  - GoogleUtilities/MethodSwizzler (5.8.0):
    - GoogleUtilities/Logger
  - GoogleUtilities/Network (5.8.0):
    - GoogleUtilities/Logger
    - "GoogleUtilities/NSData+zlib"
    - GoogleUtilities/Reachability
  - "GoogleUtilities/NSData+zlib (5.8.0)"
  - GoogleUtilities/Reachability (5.8.0):
    - GoogleUtilities/Logger
  - GoogleUtilities/UserDefaults (5.8.0):
    - GoogleUtilities/Logger
  - gRPC (1.21.0):
    - gRPC-RxLibrary (= 1.21.0)
    - gRPC/Main (= 1.21.0)
  - "gRPC-C++ (0.0.9)":
    - "gRPC-C++/Implementation (= 0.0.9)"
    - "gRPC-C++/Interface (= 0.0.9)"
  - "gRPC-C++/Implementation (0.0.9)":
    - "gRPC-C++/Interface (= 0.0.9)"
    - gRPC-Core (= 1.21.0)
    - nanopb (~> 0.3)
  - "gRPC-C++/Interface (0.0.9)"
  - gRPC-Core (1.21.0):
    - gRPC-Core/Implementation (= 1.21.0)
    - gRPC-Core/Interface (= 1.21.0)
  - gRPC-Core/Implementation (1.21.0):
    - BoringSSL-GRPC (= 0.0.3)
    - gRPC-Core/Interface (= 1.21.0)
    - nanopb (~> 0.3)
  - gRPC-Core/Interface (1.21.0)
  - gRPC-ProtoRPC (1.21.0):
    - gRPC-ProtoRPC/Main (= 1.21.0)
  - gRPC-ProtoRPC/Main (1.21.0):
    - gRPC (= 1.21.0)
    - gRPC-RxLibrary (= 1.21.0)
    - Protobuf (~> 3.0)
  - gRPC-RxLibrary (1.21.0)
  - gRPC/Main (1.21.0):
    - gRPC-Core (= 1.21.0)
    - gRPC-RxLibrary (= 1.21.0)
  - leveldb-library (1.22)
  - nanopb (0.3.9011):
    - nanopb/decode (= 0.3.9011)
    - nanopb/encode (= 0.3.9011)
  - nanopb/decode (0.3.9011)
  - nanopb/encode (0.3.9011)
  - Protobuf (3.11.4)
  - ReactiveSwift (4.0.0):
    - Result (~> 4.0)
  - Result (4.1.0)
  - SwiftXtend (1.4.0):
    - SwiftXtend/Core (= 1.4.0)
    - SwiftXtend/UIKit (= 1.4.0)
  - SwiftXtend/Core (1.4.0)
  - SwiftXtend/UIKit (1.4.0):
    - SwiftXtend/Core

DEPENDENCIES:
  - Firebase/Analytics (= 5.12.0)
  - Firebase/Core (= 5.12.0)
  - Firebase/Firestore (= 5.12.0)
  - FireStore

SPEC REPOS:
  trunk:
    - BoringSSL-GRPC
    - Firebase
    - FirebaseAnalytics
    - FirebaseAuthInterop
    - FirebaseCore
    - FirebaseFirestore
    - FirebaseInstanceID
    - FireStore
    - GoogleAppMeasurement
    - GoogleUtilities
    - gRPC
    - "gRPC-C++"
    - gRPC-Core
    - gRPC-ProtoRPC
    - gRPC-RxLibrary
    - leveldb-library
    - nanopb
    - Protobuf
    - ReactiveSwift
    - Result
    - SwiftXtend

SPEC CHECKSUMS:
  BoringSSL-GRPC: db8764df3204ccea016e1c8dd15d9a9ad63ff318
  Firebase: 9190018e296139d938b99521cde0c15a6e8d2946
  FirebaseAnalytics: 63202d2665de4e6adcbdce189135255d8b5962ba
  FirebaseAuthInterop: a0f37ae05833af156e72028f648d313f7e7592e9
  FirebaseCore: 027d350adc039aa5483357c6f56556f117c5170e
  FirebaseFirestore: 6dc97a9685c421767cc96bf644fc963166cddbe7
  FirebaseInstanceID: e2fa4cb35ef5558c200f7f0ad8a53e212215f93e
  FireStore: e90b5b02454dc25d2d73cf9763a8ebe8a1bd1135
  GoogleAppMeasurement: ffe513e90551844a739e7bcbb1d2aca1c28a4338
  GoogleUtilities: 04fce34bcd5620c1ee76fb79172105c74a4df335
  gRPC: 0fd7e68260fbad66d5153864b75d98ed4d476d97
  "gRPC-C++": 9dfe7b44821e7b3e44aacad2af29d2c21f7cde83
  gRPC-Core: c9aef9a261a1247e881b18059b84d597293c9947
  gRPC-ProtoRPC: fea7d2bb51ddd0ae6b5c5ea27033018f564084d0
  gRPC-RxLibrary: b0eb67f4f0f4c9cdfa6a73ea2b435a3efa77f1ef
  leveldb-library: 55d93ee664b4007aac644a782d11da33fba316f7
  nanopb: 18003b5e52dab79db540fe93fe9579f399bd1ccd
  Protobuf: 176220c526ad8bd09ab1fb40a978eac3fef665f7
  ReactiveSwift: a2bb9ace428a109e9c0209615645d9d286c8c433
  Result: bd966fac789cc6c1563440b348ab2598cc24d5c7
  SwiftXtend: 12539d07f953ee1ce6b9653b51f681909a21e913

PODFILE CHECKSUM: e6be63cd1d5ca9645821847eb332206def01be54

COCOAPODS: 1.9.1
