// !$*UTF8*$!
{
	archiveVersion = 1;
	classes = {
	};
	objectVersion = 50;
	objects = {

/* Begin PBXBuildFile section */
		363F53D0F3EE9E8FA97D3A9B /* Pods_FinalProjectMSISTests.framework in Frameworks */ = {isa = PBXBuildFile; fileRef = 5A5F5331A2030CF4C340AB3D /* Pods_FinalProjectMSISTests.framework */; };
		7601F57C718EC8E33AA208CB /* Pods_FinalProjectMSIS.framework in Frameworks */ = {isa = PBXBuildFile; fileRef = 03CD8D994CE2216A0713D058 /* Pods_FinalProjectMSIS.framework */; };
		7CB53ADE2433B1FB001F8F63 /* AppDelegate.swift in Sources */ = {isa = PBXBuildFile; fileRef = 7CB53ADD2433B1FB001F8F63 /* AppDelegate.swift */; };
		7CB53AE02433B1FB001F8F63 /* SceneDelegate.swift in Sources */ = {isa = PBXBuildFile; fileRef = 7CB53ADF2433B1FB001F8F63 /* SceneDelegate.swift */; };
		7CB53AE22433B1FB001F8F63 /* ContentView.swift in Sources */ = {isa = PBXBuildFile; fileRef = 7CB53AE12433B1FB001F8F63 /* ContentView.swift */; };
		7CB53AE42433B1FD001F8F63 /* Assets.xcassets in Resources */ = {isa = PBXBuildFile; fileRef = 7CB53AE32433B1FD001F8F63 /* Assets.xcassets */; };
		7CB53AE72433B1FD001F8F63 /* Preview Assets.xcassets in Resources */ = {isa = PBXBuildFile; fileRef = 7CB53AE62433B1FD001F8F63 /* Preview Assets.xcassets */; };
		7CB53AEA2433B1FD001F8F63 /* LaunchScreen.storyboard in Resources */ = {isa = PBXBuildFile; fileRef = 7CB53AE82433B1FD001F8F63 /* LaunchScreen.storyboard */; };
		7CB53AF52433B1FD001F8F63 /* FinalProjectMSISTests.swift in Sources */ = {isa = PBXBuildFile; fileRef = 7CB53AF42433B1FD001F8F63 /* FinalProjectMSISTests.swift */; };
		7CB53B002433B1FD001F8F63 /* FinalProjectMSISUITests.swift in Sources */ = {isa = PBXBuildFile; fileRef = 7CB53AFF2433B1FD001F8F63 /* FinalProjectMSISUITests.swift */; };
		7CB53B0E2433B273001F8F63 /* TabBar.swift in Sources */ = {isa = PBXBuildFile; fileRef = 7CB53B0D2433B273001F8F63 /* TabBar.swift */; };
		7CB53B102433B282001F8F63 /* Home.swift in Sources */ = {isa = PBXBuildFile; fileRef = 7CB53B0F2433B282001F8F63 /* Home.swift */; };
		7CB53B122433B296001F8F63 /* Settings.swift in Sources */ = {isa = PBXBuildFile; fileRef = 7CB53B112433B296001F8F63 /* Settings.swift */; };
		7CB53B142433B2A9001F8F63 /* CompanyDetail.swift in Sources */ = {isa = PBXBuildFile; fileRef = 7CB53B132433B2A9001F8F63 /* CompanyDetail.swift */; };
		7CB53B162433B2BA001F8F63 /* HomeList.swift in Sources */ = {isa = PBXBuildFile; fileRef = 7CB53B152433B2BA001F8F63 /* HomeList.swift */; };
		7CB53B182433B2CF001F8F63 /* ListofCompany's.swift in Sources */ = {isa = PBXBuildFile; fileRef = 7CB53B172433B2CF001F8F63 /* ListofCompany's.swift */; };
		7CB53B1A2433B440001F8F63 /* BottomRow.swift in Sources */ = {isa = PBXBuildFile; fileRef = 7CB53B192433B440001F8F63 /* BottomRow.swift */; };
		85BE38EAB3E761C87026EDB2 /* Pods_FinalProjectMSIS_FinalProjectMSISUITests.framework in Frameworks */ = {isa = PBXBuildFile; fileRef = 3F210868351A9B4D34CE2B84 /* Pods_FinalProjectMSIS_FinalProjectMSISUITests.framework */; };
		A96F02EE24358FCB008F1654 /* GoogleService-Info.plist in Resources */ = {isa = PBXBuildFile; fileRef = A96F02ED24358FCB008F1654 /* GoogleService-Info.plist */; };
		A96F02EF24358FCB008F1654 /* GoogleService-Info.plist in Resources */ = {isa = PBXBuildFile; fileRef = A96F02ED24358FCB008F1654 /* GoogleService-Info.plist */; };
		A96F02F024358FCB008F1654 /* GoogleService-Info.plist in Resources */ = {isa = PBXBuildFile; fileRef = A96F02ED24358FCB008F1654 /* GoogleService-Info.plist */; };
/* End PBXBuildFile section */

/* Begin PBXContainerItemProxy section */
		7CB53AF12433B1FD001F8F63 /* PBXContainerItemProxy */ = {
			isa = PBXContainerItemProxy;
			containerPortal = 7CB53AD22433B1FB001F8F63 /* Project object */;
			proxyType = 1;
			remoteGlobalIDString = 7CB53AD92433B1FB001F8F63;
			remoteInfo = FinalProjectMSIS;
		};
		7CB53AFC2433B1FD001F8F63 /* PBXContainerItemProxy */ = {
			isa = PBXContainerItemProxy;
			containerPortal = 7CB53AD22433B1FB001F8F63 /* Project object */;
			proxyType = 1;
			remoteGlobalIDString = 7CB53AD92433B1FB001F8F63;
			remoteInfo = FinalProjectMSIS;
		};
/* End PBXContainerItemProxy section */

/* Begin PBXFileReference section */
		03CD8D994CE2216A0713D058 /* Pods_FinalProjectMSIS.framework */ = {isa = PBXFileReference; explicitFileType = wrapper.framework; includeInIndex = 0; path = Pods_FinalProjectMSIS.framework; sourceTree = BUILT_PRODUCTS_DIR; };
		16FB29BB88B20EDAB6558599 /* Pods-FinalProjectMSISTests.release.xcconfig */ = {isa = PBXFileReference; includeInIndex = 1; lastKnownFileType = text.xcconfig; name = "Pods-FinalProjectMSISTests.release.xcconfig"; path = "Target Support Files/Pods-FinalProjectMSISTests/Pods-FinalProjectMSISTests.release.xcconfig"; sourceTree = "<group>"; };
		3F210868351A9B4D34CE2B84 /* Pods_FinalProjectMSIS_FinalProjectMSISUITests.framework */ = {isa = PBXFileReference; explicitFileType = wrapper.framework; includeInIndex = 0; path = Pods_FinalProjectMSIS_FinalProjectMSISUITests.framework; sourceTree = BUILT_PRODUCTS_DIR; };
		4167F5CBB25BBC250DD284EC /* Pods-FinalProjectMSIS-FinalProjectMSISUITests.release.xcconfig */ = {isa = PBXFileReference; includeInIndex = 1; lastKnownFileType = text.xcconfig; name = "Pods-FinalProjectMSIS-FinalProjectMSISUITests.release.xcconfig"; path = "Target Support Files/Pods-FinalProjectMSIS-FinalProjectMSISUITests/Pods-FinalProjectMSIS-FinalProjectMSISUITests.release.xcconfig"; sourceTree = "<group>"; };
		5A5F5331A2030CF4C340AB3D /* Pods_FinalProjectMSISTests.framework */ = {isa = PBXFileReference; explicitFileType = wrapper.framework; includeInIndex = 0; path = Pods_FinalProjectMSISTests.framework; sourceTree = BUILT_PRODUCTS_DIR; };
		6ADB2974D9F85FB3BF4D6682 /* Pods-FinalProjectMSIS.release.xcconfig */ = {isa = PBXFileReference; includeInIndex = 1; lastKnownFileType = text.xcconfig; name = "Pods-FinalProjectMSIS.release.xcconfig"; path = "Target Support Files/Pods-FinalProjectMSIS/Pods-FinalProjectMSIS.release.xcconfig"; sourceTree = "<group>"; };
		7CB53ADA2433B1FB001F8F63 /* FinalProjectMSIS.app */ = {isa = PBXFileReference; explicitFileType = wrapper.application; includeInIndex = 0; path = FinalProjectMSIS.app; sourceTree = BUILT_PRODUCTS_DIR; };
		7CB53ADD2433B1FB001F8F63 /* AppDelegate.swift */ = {isa = PBXFileReference; lastKnownFileType = sourcecode.swift; path = AppDelegate.swift; sourceTree = "<group>"; };
		7CB53ADF2433B1FB001F8F63 /* SceneDelegate.swift */ = {isa = PBXFileReference; lastKnownFileType = sourcecode.swift; path = SceneDelegate.swift; sourceTree = "<group>"; };
		7CB53AE12433B1FB001F8F63 /* ContentView.swift */ = {isa = PBXFileReference; lastKnownFileType = sourcecode.swift; path = ContentView.swift; sourceTree = "<group>"; };
		7CB53AE32433B1FD001F8F63 /* Assets.xcassets */ = {isa = PBXFileReference; lastKnownFileType = folder.assetcatalog; path = Assets.xcassets; sourceTree = "<group>"; };
		7CB53AE62433B1FD001F8F63 /* Preview Assets.xcassets */ = {isa = PBXFileReference; lastKnownFileType = folder.assetcatalog; path = "Preview Assets.xcassets"; sourceTree = "<group>"; };
		7CB53AE92433B1FD001F8F63 /* Base */ = {isa = PBXFileReference; lastKnownFileType = file.storyboard; name = Base; path = Base.lproj/LaunchScreen.storyboard; sourceTree = "<group>"; };
		7CB53AEB2433B1FD001F8F63 /* Info.plist */ = {isa = PBXFileReference; lastKnownFileType = text.plist.xml; path = Info.plist; sourceTree = "<group>"; };
		7CB53AF02433B1FD001F8F63 /* FinalProjectMSISTests.xctest */ = {isa = PBXFileReference; explicitFileType = wrapper.cfbundle; includeInIndex = 0; path = FinalProjectMSISTests.xctest; sourceTree = BUILT_PRODUCTS_DIR; };
		7CB53AF42433B1FD001F8F63 /* FinalProjectMSISTests.swift */ = {isa = PBXFileReference; lastKnownFileType = sourcecode.swift; path = FinalProjectMSISTests.swift; sourceTree = "<group>"; };
		7CB53AF62433B1FD001F8F63 /* Info.plist */ = {isa = PBXFileReference; lastKnownFileType = text.plist.xml; path = Info.plist; sourceTree = "<group>"; };
		7CB53AFB2433B1FD001F8F63 /* FinalProjectMSISUITests.xctest */ = {isa = PBXFileReference; explicitFileType = wrapper.cfbundle; includeInIndex = 0; path = FinalProjectMSISUITests.xctest; sourceTree = BUILT_PRODUCTS_DIR; };
		7CB53AFF2433B1FD001F8F63 /* FinalProjectMSISUITests.swift */ = {isa = PBXFileReference; lastKnownFileType = sourcecode.swift; path = FinalProjectMSISUITests.swift; sourceTree = "<group>"; };
		7CB53B012433B1FD001F8F63 /* Info.plist */ = {isa = PBXFileReference; lastKnownFileType = text.plist.xml; path = Info.plist; sourceTree = "<group>"; };
		7CB53B0D2433B273001F8F63 /* TabBar.swift */ = {isa = PBXFileReference; lastKnownFileType = sourcecode.swift; path = TabBar.swift; sourceTree = "<group>"; };
		7CB53B0F2433B282001F8F63 /* Home.swift */ = {isa = PBXFileReference; lastKnownFileType = sourcecode.swift; path = Home.swift; sourceTree = "<group>"; };
		7CB53B112433B296001F8F63 /* Settings.swift */ = {isa = PBXFileReference; lastKnownFileType = sourcecode.swift; path = Settings.swift; sourceTree = "<group>"; };
		7CB53B132433B2A9001F8F63 /* CompanyDetail.swift */ = {isa = PBXFileReference; lastKnownFileType = sourcecode.swift; path = CompanyDetail.swift; sourceTree = "<group>"; };
		7CB53B152433B2BA001F8F63 /* HomeList.swift */ = {isa = PBXFileReference; lastKnownFileType = sourcecode.swift; path = HomeList.swift; sourceTree = "<group>"; };
		7CB53B172433B2CF001F8F63 /* ListofCompany's.swift */ = {isa = PBXFileReference; lastKnownFileType = sourcecode.swift; path = "ListofCompany's.swift"; sourceTree = "<group>"; };
		7CB53B192433B440001F8F63 /* BottomRow.swift */ = {isa = PBXFileReference; lastKnownFileType = sourcecode.swift; path = BottomRow.swift; sourceTree = "<group>"; };
		A96F02ED24358FCB008F1654 /* GoogleService-Info.plist */ = {isa = PBXFileReference; fileEncoding = 4; lastKnownFileType = text.plist.xml; path = "GoogleService-Info.plist"; sourceTree = "<group>"; };
		D2755152AF1D1F77A98E7B89 /* Pods-FinalProjectMSISTests.debug.xcconfig */ = {isa = PBXFileReference; includeInIndex = 1; lastKnownFileType = text.xcconfig; name = "Pods-FinalProjectMSISTests.debug.xcconfig"; path = "Target Support Files/Pods-FinalProjectMSISTests/Pods-FinalProjectMSISTests.debug.xcconfig"; sourceTree = "<group>"; };
		DB8BAC3B09D026985220FFE5 /* Pods-FinalProjectMSIS-FinalProjectMSISUITests.debug.xcconfig */ = {isa = PBXFileReference; includeInIndex = 1; lastKnownFileType = text.xcconfig; name = "Pods-FinalProjectMSIS-FinalProjectMSISUITests.debug.xcconfig"; path = "Target Support Files/Pods-FinalProjectMSIS-FinalProjectMSISUITests/Pods-FinalProjectMSIS-FinalProjectMSISUITests.debug.xcconfig"; sourceTree = "<group>"; };
		F998CA8BE184E404C4060764 /* Pods-FinalProjectMSIS.debug.xcconfig */ = {isa = PBXFileReference; includeInIndex = 1; lastKnownFileType = text.xcconfig; name = "Pods-FinalProjectMSIS.debug.xcconfig"; path = "Target Support Files/Pods-FinalProjectMSIS/Pods-FinalProjectMSIS.debug.xcconfig"; sourceTree = "<group>"; };
/* End PBXFileReference section */

/* Begin PBXFrameworksBuildPhase section */
		7CB53AD72433B1FB001F8F63 /* Frameworks */ = {
			isa = PBXFrameworksBuildPhase;
			buildActionMask = 2147483647;
			files = (
				7601F57C718EC8E33AA208CB /* Pods_FinalProjectMSIS.framework in Frameworks */,
			);
			runOnlyForDeploymentPostprocessing = 0;
		};
		7CB53AED2433B1FD001F8F63 /* Frameworks */ = {
			isa = PBXFrameworksBuildPhase;
			buildActionMask = 2147483647;
			files = (
				363F53D0F3EE9E8FA97D3A9B /* Pods_FinalProjectMSISTests.framework in Frameworks */,
			);
			runOnlyForDeploymentPostprocessing = 0;
		};
		7CB53AF82433B1FD001F8F63 /* Frameworks */ = {
			isa = PBXFrameworksBuildPhase;
			buildActionMask = 2147483647;
			files = (
				85BE38EAB3E761C87026EDB2 /* Pods_FinalProjectMSIS_FinalProjectMSISUITests.framework in Frameworks */,
			);
			runOnlyForDeploymentPostprocessing = 0;
		};
/* End PBXFrameworksBuildPhase section */

/* Begin PBXGroup section */
		24F13AF189539D17788F995F /* Frameworks */ = {
			isa = PBXGroup;
			children = (
				03CD8D994CE2216A0713D058 /* Pods_FinalProjectMSIS.framework */,
				3F210868351A9B4D34CE2B84 /* Pods_FinalProjectMSIS_FinalProjectMSISUITests.framework */,
				5A5F5331A2030CF4C340AB3D /* Pods_FinalProjectMSISTests.framework */,
			);
			name = Frameworks;
			sourceTree = "<group>";
		};
		7CB53AD12433B1FB001F8F63 = {
			isa = PBXGroup;
			children = (
				7CB53ADC2433B1FB001F8F63 /* FinalProjectMSIS */,
				7CB53AF32433B1FD001F8F63 /* FinalProjectMSISTests */,
				7CB53AFE2433B1FD001F8F63 /* FinalProjectMSISUITests */,
				7CB53ADB2433B1FB001F8F63 /* Products */,
				DB0F7C81CBE1F733FE2F0854 /* Pods */,
				24F13AF189539D17788F995F /* Frameworks */,
			);
			sourceTree = "<group>";
		};
		7CB53ADB2433B1FB001F8F63 /* Products */ = {
			isa = PBXGroup;
			children = (
				7CB53ADA2433B1FB001F8F63 /* FinalProjectMSIS.app */,
				7CB53AF02433B1FD001F8F63 /* FinalProjectMSISTests.xctest */,
				7CB53AFB2433B1FD001F8F63 /* FinalProjectMSISUITests.xctest */,
			);
			name = Products;
			sourceTree = "<group>";
		};
		7CB53ADC2433B1FB001F8F63 /* FinalProjectMSIS */ = {
			isa = PBXGroup;
			children = (
				7CB53ADD2433B1FB001F8F63 /* AppDelegate.swift */,
				7CB53ADF2433B1FB001F8F63 /* SceneDelegate.swift */,
				7CB53AE12433B1FB001F8F63 /* ContentView.swift */,
				7CB53B0D2433B273001F8F63 /* TabBar.swift */,
				7CB53B0F2433B282001F8F63 /* Home.swift */,
				7CB53B112433B296001F8F63 /* Settings.swift */,
				7CB53B192433B440001F8F63 /* BottomRow.swift */,
				7CB53B132433B2A9001F8F63 /* CompanyDetail.swift */,
				7CB53B152433B2BA001F8F63 /* HomeList.swift */,
				7CB53B172433B2CF001F8F63 /* ListofCompany's.swift */,
				7CB53AE32433B1FD001F8F63 /* Assets.xcassets */,
				7CB53AE82433B1FD001F8F63 /* LaunchScreen.storyboard */,
				7CB53AEB2433B1FD001F8F63 /* Info.plist */,
				A96F02ED24358FCB008F1654 /* GoogleService-Info.plist */,
				7CB53AE52433B1FD001F8F63 /* Preview Content */,
			);
			path = FinalProjectMSIS;
			sourceTree = "<group>";
		};
		7CB53AE52433B1FD001F8F63 /* Preview Content */ = {
			isa = PBXGroup;
			children = (
				7CB53AE62433B1FD001F8F63 /* Preview Assets.xcassets */,
			);
			path = "Preview Content";
			sourceTree = "<group>";
		};
		7CB53AF32433B1FD001F8F63 /* FinalProjectMSISTests */ = {
			isa = PBXGroup;
			children = (
				7CB53AF42433B1FD001F8F63 /* FinalProjectMSISTests.swift */,
				7CB53AF62433B1FD001F8F63 /* Info.plist */,
			);
			path = FinalProjectMSISTests;
			sourceTree = "<group>";
		};
		7CB53AFE2433B1FD001F8F63 /* FinalProjectMSISUITests */ = {
			isa = PBXGroup;
			children = (
				7CB53AFF2433B1FD001F8F63 /* FinalProjectMSISUITests.swift */,
				7CB53B012433B1FD001F8F63 /* Info.plist */,
			);
			path = FinalProjectMSISUITests;
			sourceTree = "<group>";
		};
		DB0F7C81CBE1F733FE2F0854 /* Pods */ = {
			isa = PBXGroup;
			children = (
				F998CA8BE184E404C4060764 /* Pods-FinalProjectMSIS.debug.xcconfig */,
				6ADB2974D9F85FB3BF4D6682 /* Pods-FinalProjectMSIS.release.xcconfig */,
				DB8BAC3B09D026985220FFE5 /* Pods-FinalProjectMSIS-FinalProjectMSISUITests.debug.xcconfig */,
				4167F5CBB25BBC250DD284EC /* Pods-FinalProjectMSIS-FinalProjectMSISUITests.release.xcconfig */,
				D2755152AF1D1F77A98E7B89 /* Pods-FinalProjectMSISTests.debug.xcconfig */,
				16FB29BB88B20EDAB6558599 /* Pods-FinalProjectMSISTests.release.xcconfig */,
			);
			name = Pods;
			path = Pods;
			sourceTree = "<group>";
		};
/* End PBXGroup section */

/* Begin PBXNativeTarget section */
		7CB53AD92433B1FB001F8F63 /* FinalProjectMSIS */ = {
			isa = PBXNativeTarget;
			buildConfigurationList = 7CB53B042433B1FD001F8F63 /* Build configuration list for PBXNativeTarget "FinalProjectMSIS" */;
			buildPhases = (
				ECEF1E7FB5A3E1804AB8C43D /* [CP] Check Pods Manifest.lock */,
				7CB53AD62433B1FB001F8F63 /* Sources */,
				7CB53AD72433B1FB001F8F63 /* Frameworks */,
				7CB53AD82433B1FB001F8F63 /* Resources */,
				749A0D57B4352C8FDDB05C0E /* [CP] Embed Pods Frameworks */,
			);
			buildRules = (
			);
			dependencies = (
			);
			name = FinalProjectMSIS;
			productName = FinalProjectMSIS;
			productReference = 7CB53ADA2433B1FB001F8F63 /* FinalProjectMSIS.app */;
			productType = "com.apple.product-type.application";
		};
		7CB53AEF2433B1FD001F8F63 /* FinalProjectMSISTests */ = {
			isa = PBXNativeTarget;
			buildConfigurationList = 7CB53B072433B1FD001F8F63 /* Build configuration list for PBXNativeTarget "FinalProjectMSISTests" */;
			buildPhases = (
				E973663C8C60F1441E8BD78F /* [CP] Check Pods Manifest.lock */,
				7CB53AEC2433B1FD001F8F63 /* Sources */,
				7CB53AED2433B1FD001F8F63 /* Frameworks */,
				7CB53AEE2433B1FD001F8F63 /* Resources */,
			);
			buildRules = (
			);
			dependencies = (
				7CB53AF22433B1FD001F8F63 /* PBXTargetDependency */,
			);
			name = FinalProjectMSISTests;
			productName = FinalProjectMSISTests;
			productReference = 7CB53AF02433B1FD001F8F63 /* FinalProjectMSISTests.xctest */;
			productType = "com.apple.product-type.bundle.unit-test";
		};
		7CB53AFA2433B1FD001F8F63 /* FinalProjectMSISUITests */ = {
			isa = PBXNativeTarget;
			buildConfigurationList = 7CB53B0A2433B1FD001F8F63 /* Build configuration list for PBXNativeTarget "FinalProjectMSISUITests" */;
			buildPhases = (
				E61399AA992B6E45124A2454 /* [CP] Check Pods Manifest.lock */,
				7CB53AF72433B1FD001F8F63 /* Sources */,
				7CB53AF82433B1FD001F8F63 /* Frameworks */,
				7CB53AF92433B1FD001F8F63 /* Resources */,
				C6C776C293A70ED6621AD7E7 /* [CP] Embed Pods Frameworks */,
			);
			buildRules = (
			);
			dependencies = (
				7CB53AFD2433B1FD001F8F63 /* PBXTargetDependency */,
			);
			name = FinalProjectMSISUITests;
			productName = FinalProjectMSISUITests;
			productReference = 7CB53AFB2433B1FD001F8F63 /* FinalProjectMSISUITests.xctest */;
			productType = "com.apple.product-type.bundle.ui-testing";
		};
/* End PBXNativeTarget section */

/* Begin PBXProject section */
		7CB53AD22433B1FB001F8F63 /* Project object */ = {
			isa = PBXProject;
			attributes = {
				LastSwiftUpdateCheck = 1130;
				LastUpgradeCheck = 1130;
				ORGANIZATIONNAME = "Robert Underwood";
				TargetAttributes = {
					7CB53AD92433B1FB001F8F63 = {
						CreatedOnToolsVersion = 11.3.1;
					};
					7CB53AEF2433B1FD001F8F63 = {
						CreatedOnToolsVersion = 11.3.1;
						TestTargetID = 7CB53AD92433B1FB001F8F63;
					};
					7CB53AFA2433B1FD001F8F63 = {
						CreatedOnToolsVersion = 11.3.1;
						TestTargetID = 7CB53AD92433B1FB001F8F63;
					};
				};
			};
			buildConfigurationList = 7CB53AD52433B1FB001F8F63 /* Build configuration list for PBXProject "FinalProjectMSIS" */;
			compatibilityVersion = "Xcode 9.3";
			developmentRegion = en;
			hasScannedForEncodings = 0;
			knownRegions = (
				en,
				Base,
			);
			mainGroup = 7CB53AD12433B1FB001F8F63;
			productRefGroup = 7CB53ADB2433B1FB001F8F63 /* Products */;
			projectDirPath = "";
			projectRoot = "";
			targets = (
				7CB53AD92433B1FB001F8F63 /* FinalProjectMSIS */,
				7CB53AEF2433B1FD001F8F63 /* FinalProjectMSISTests */,
				7CB53AFA2433B1FD001F8F63 /* FinalProjectMSISUITests */,
			);
		};
/* End PBXProject section */

/* Begin PBXResourcesBuildPhase section */
		7CB53AD82433B1FB001F8F63 /* Resources */ = {
			isa = PBXResourcesBuildPhase;
			buildActionMask = 2147483647;
			files = (
				7CB53AEA2433B1FD001F8F63 /* LaunchScreen.storyboard in Resources */,
				A96F02EE24358FCB008F1654 /* GoogleService-Info.plist in Resources */,
				7CB53AE72433B1FD001F8F63 /* Preview Assets.xcassets in Resources */,
				7CB53AE42433B1FD001F8F63 /* Assets.xcassets in Resources */,
			);
			runOnlyForDeploymentPostprocessing = 0;
		};
		7CB53AEE2433B1FD001F8F63 /* Resources */ = {
			isa = PBXResourcesBuildPhase;
			buildActionMask = 2147483647;
			files = (
				A96F02EF24358FCB008F1654 /* GoogleService-Info.plist in Resources */,
			);
			runOnlyForDeploymentPostprocessing = 0;
		};
		7CB53AF92433B1FD001F8F63 /* Resources */ = {
			isa = PBXResourcesBuildPhase;
			buildActionMask = 2147483647;
			files = (
				A96F02F024358FCB008F1654 /* GoogleService-Info.plist in Resources */,
			);
			runOnlyForDeploymentPostprocessing = 0;
		};
/* End PBXResourcesBuildPhase section */

/* Begin PBXShellScriptBuildPhase section */
		749A0D57B4352C8FDDB05C0E /* [CP] Embed Pods Frameworks */ = {
			isa = PBXShellScriptBuildPhase;
			buildActionMask = 2147483647;
			files = (
			);
			inputFileListPaths = (
				"${PODS_ROOT}/Target Support Files/Pods-FinalProjectMSIS/Pods-FinalProjectMSIS-frameworks-${CONFIGURATION}-input-files.xcfilelist",
			);
			name = "[CP] Embed Pods Frameworks";
			outputFileListPaths = (
				"${PODS_ROOT}/Target Support Files/Pods-FinalProjectMSIS/Pods-FinalProjectMSIS-frameworks-${CONFIGURATION}-output-files.xcfilelist",
			);
			runOnlyForDeploymentPostprocessing = 0;
			shellPath = /bin/sh;
			shellScript = "\"${PODS_ROOT}/Target Support Files/Pods-FinalProjectMSIS/Pods-FinalProjectMSIS-frameworks.sh\"\n";
			showEnvVarsInLog = 0;
		};
		C6C776C293A70ED6621AD7E7 /* [CP] Embed Pods Frameworks */ = {
			isa = PBXShellScriptBuildPhase;
			buildActionMask = 2147483647;
			files = (
			);
			inputFileListPaths = (
				"${PODS_ROOT}/Target Support Files/Pods-FinalProjectMSIS-FinalProjectMSISUITests/Pods-FinalProjectMSIS-FinalProjectMSISUITests-frameworks-${CONFIGURATION}-input-files.xcfilelist",
			);
			name = "[CP] Embed Pods Frameworks";
			outputFileListPaths = (
				"${PODS_ROOT}/Target Support Files/Pods-FinalProjectMSIS-FinalProjectMSISUITests/Pods-FinalProjectMSIS-FinalProjectMSISUITests-frameworks-${CONFIGURATION}-output-files.xcfilelist",
			);
			runOnlyForDeploymentPostprocessing = 0;
			shellPath = /bin/sh;
			shellScript = "\"${PODS_ROOT}/Target Support Files/Pods-FinalProjectMSIS-FinalProjectMSISUITests/Pods-FinalProjectMSIS-FinalProjectMSISUITests-frameworks.sh\"\n";
			showEnvVarsInLog = 0;
		};
		E61399AA992B6E45124A2454 /* [CP] Check Pods Manifest.lock */ = {
			isa = PBXShellScriptBuildPhase;
			buildActionMask = 2147483647;
			files = (
			);
			inputFileListPaths = (
			);
			inputPaths = (
				"${PODS_PODFILE_DIR_PATH}/Podfile.lock",
				"${PODS_ROOT}/Manifest.lock",
			);
			name = "[CP] Check Pods Manifest.lock";
			outputFileListPaths = (
			);
			outputPaths = (
				"$(DERIVED_FILE_DIR)/Pods-FinalProjectMSIS-FinalProjectMSISUITests-checkManifestLockResult.txt",
			);
			runOnlyForDeploymentPostprocessing = 0;
			shellPath = /bin/sh;
			shellScript = "diff \"${PODS_PODFILE_DIR_PATH}/Podfile.lock\" \"${PODS_ROOT}/Manifest.lock\" > /dev/null\nif [ $? != 0 ] ; then\n    # print error to STDERR\n    echo \"error: The sandbox is not in sync with the Podfile.lock. Run 'pod install' or update your CocoaPods installation.\" >&2\n    exit 1\nfi\n# This output is used by Xcode 'outputs' to avoid re-running this script phase.\necho \"SUCCESS\" > \"${SCRIPT_OUTPUT_FILE_0}\"\n";
			showEnvVarsInLog = 0;
		};
		E973663C8C60F1441E8BD78F /* [CP] Check Pods Manifest.lock */ = {
			isa = PBXShellScriptBuildPhase;
			buildActionMask = 2147483647;
			files = (
			);
			inputFileListPaths = (
			);
			inputPaths = (
				"${PODS_PODFILE_DIR_PATH}/Podfile.lock",
				"${PODS_ROOT}/Manifest.lock",
			);
			name = "[CP] Check Pods Manifest.lock";
			outputFileListPaths = (
			);
			outputPaths = (
				"$(DERIVED_FILE_DIR)/Pods-FinalProjectMSISTests-checkManifestLockResult.txt",
			);
			runOnlyForDeploymentPostprocessing = 0;
			shellPath = /bin/sh;
			shellScript = "diff \"${PODS_PODFILE_DIR_PATH}/Podfile.lock\" \"${PODS_ROOT}/Manifest.lock\" > /dev/null\nif [ $? != 0 ] ; then\n    # print error to STDERR\n    echo \"error: The sandbox is not in sync with the Podfile.lock. Run 'pod install' or update your CocoaPods installation.\" >&2\n    exit 1\nfi\n# This output is used by Xcode 'outputs' to avoid re-running this script phase.\necho \"SUCCESS\" > \"${SCRIPT_OUTPUT_FILE_0}\"\n";
			showEnvVarsInLog = 0;
		};
		ECEF1E7FB5A3E1804AB8C43D /* [CP] Check Pods Manifest.lock */ = {
			isa = PBXShellScriptBuildPhase;
			buildActionMask = 2147483647;
			files = (
			);
			inputFileListPaths = (
			);
			inputPaths = (
				"${PODS_PODFILE_DIR_PATH}/Podfile.lock",
				"${PODS_ROOT}/Manifest.lock",
			);
			name = "[CP] Check Pods Manifest.lock";
			outputFileListPaths = (
			);
			outputPaths = (
				"$(DERIVED_FILE_DIR)/Pods-FinalProjectMSIS-checkManifestLockResult.txt",
			);
			runOnlyForDeploymentPostprocessing = 0;
			shellPath = /bin/sh;
			shellScript = "diff \"${PODS_PODFILE_DIR_PATH}/Podfile.lock\" \"${PODS_ROOT}/Manifest.lock\" > /dev/null\nif [ $? != 0 ] ; then\n    # print error to STDERR\n    echo \"error: The sandbox is not in sync with the Podfile.lock. Run 'pod install' or update your CocoaPods installation.\" >&2\n    exit 1\nfi\n# This output is used by Xcode 'outputs' to avoid re-running this script phase.\necho \"SUCCESS\" > \"${SCRIPT_OUTPUT_FILE_0}\"\n";
			showEnvVarsInLog = 0;
		};
/* End PBXShellScriptBuildPhase section */

/* Begin PBXSourcesBuildPhase section */
		7CB53AD62433B1FB001F8F63 /* Sources */ = {
			isa = PBXSourcesBuildPhase;
			buildActionMask = 2147483647;
			files = (
				7CB53B122433B296001F8F63 /* Settings.swift in Sources */,
				7CB53B182433B2CF001F8F63 /* ListofCompany's.swift in Sources */,
				7CB53ADE2433B1FB001F8F63 /* AppDelegate.swift in Sources */,
				7CB53AE02433B1FB001F8F63 /* SceneDelegate.swift in Sources */,
				7CB53B102433B282001F8F63 /* Home.swift in Sources */,
				7CB53B1A2433B440001F8F63 /* BottomRow.swift in Sources */,
				7CB53AE22433B1FB001F8F63 /* ContentView.swift in Sources */,
				7CB53B0E2433B273001F8F63 /* TabBar.swift in Sources */,
				7CB53B162433B2BA001F8F63 /* HomeList.swift in Sources */,
				7CB53B142433B2A9001F8F63 /* CompanyDetail.swift in Sources */,
			);
			runOnlyForDeploymentPostprocessing = 0;
		};
		7CB53AEC2433B1FD001F8F63 /* Sources */ = {
			isa = PBXSourcesBuildPhase;
			buildActionMask = 2147483647;
			files = (
				7CB53AF52433B1FD001F8F63 /* FinalProjectMSISTests.swift in Sources */,
			);
			runOnlyForDeploymentPostprocessing = 0;
		};
		7CB53AF72433B1FD001F8F63 /* Sources */ = {
			isa = PBXSourcesBuildPhase;
			buildActionMask = 2147483647;
			files = (
				7CB53B002433B1FD001F8F63 /* FinalProjectMSISUITests.swift in Sources */,
			);
			runOnlyForDeploymentPostprocessing = 0;
		};
/* End PBXSourcesBuildPhase section */

/* Begin PBXTargetDependency section */
		7CB53AF22433B1FD001F8F63 /* PBXTargetDependency */ = {
			isa = PBXTargetDependency;
			target = 7CB53AD92433B1FB001F8F63 /* FinalProjectMSIS */;
			targetProxy = 7CB53AF12433B1FD001F8F63 /* PBXContainerItemProxy */;
		};
		7CB53AFD2433B1FD001F8F63 /* PBXTargetDependency */ = {
			isa = PBXTargetDependency;
			target = 7CB53AD92433B1FB001F8F63 /* FinalProjectMSIS */;
			targetProxy = 7CB53AFC2433B1FD001F8F63 /* PBXContainerItemProxy */;
		};
/* End PBXTargetDependency section */

/* Begin PBXVariantGroup section */
		7CB53AE82433B1FD001F8F63 /* LaunchScreen.storyboard */ = {
			isa = PBXVariantGroup;
			children = (
				7CB53AE92433B1FD001F8F63 /* Base */,
			);
			name = LaunchScreen.storyboard;
			sourceTree = "<group>";
		};
/* End PBXVariantGroup section */

/* Begin XCBuildConfiguration section */
		7CB53B022433B1FD001F8F63 /* Debug */ = {
			isa = XCBuildConfiguration;
			buildSettings = {
				ALWAYS_SEARCH_USER_PATHS = NO;
				CLANG_ANALYZER_NONNULL = YES;
				CLANG_ANALYZER_NUMBER_OBJECT_CONVERSION = YES_AGGRESSIVE;
				CLANG_CXX_LANGUAGE_STANDARD = "gnu++14";
				CLANG_CXX_LIBRARY = "libc++";
				CLANG_ENABLE_MODULES = YES;
				CLANG_ENABLE_OBJC_ARC = YES;
				CLANG_ENABLE_OBJC_WEAK = YES;
				CLANG_WARN_BLOCK_CAPTURE_AUTORELEASING = YES;
				CLANG_WARN_BOOL_CONVERSION = YES;
				CLANG_WARN_COMMA = YES;
				CLANG_WARN_CONSTANT_CONVERSION = YES;
				CLANG_WARN_DEPRECATED_OBJC_IMPLEMENTATIONS = YES;
				CLANG_WARN_DIRECT_OBJC_ISA_USAGE = YES_ERROR;
				CLANG_WARN_DOCUMENTATION_COMMENTS = YES;
				CLANG_WARN_EMPTY_BODY = YES;
				CLANG_WARN_ENUM_CONVERSION = YES;
				CLANG_WARN_INFINITE_RECURSION = YES;
				CLANG_WARN_INT_CONVERSION = YES;
				CLANG_WARN_NON_LITERAL_NULL_CONVERSION = YES;
				CLANG_WARN_OBJC_IMPLICIT_RETAIN_SELF = YES;
				CLANG_WARN_OBJC_LITERAL_CONVERSION = YES;
				CLANG_WARN_OBJC_ROOT_CLASS = YES_ERROR;
				CLANG_WARN_RANGE_LOOP_ANALYSIS = YES;
				CLANG_WARN_STRICT_PROTOTYPES = YES;
				CLANG_WARN_SUSPICIOUS_MOVE = YES;
				CLANG_WARN_UNGUARDED_AVAILABILITY = YES_AGGRESSIVE;
				CLANG_WARN_UNREACHABLE_CODE = YES;
				CLANG_WARN__DUPLICATE_METHOD_MATCH = YES;
				COPY_PHASE_STRIP = NO;
				DEBUG_INFORMATION_FORMAT = dwarf;
				ENABLE_STRICT_OBJC_MSGSEND = YES;
				ENABLE_TESTABILITY = YES;
				GCC_C_LANGUAGE_STANDARD = gnu11;
				GCC_DYNAMIC_NO_PIC = NO;
				GCC_NO_COMMON_BLOCKS = YES;
				GCC_OPTIMIZATION_LEVEL = 0;
				GCC_PREPROCESSOR_DEFINITIONS = (
					"DEBUG=1",
					"$(inherited)",
				);
				GCC_WARN_64_TO_32_BIT_CONVERSION = YES;
				GCC_WARN_ABOUT_RETURN_TYPE = YES_ERROR;
				GCC_WARN_UNDECLARED_SELECTOR = YES;
				GCC_WARN_UNINITIALIZED_AUTOS = YES_AGGRESSIVE;
				GCC_WARN_UNUSED_FUNCTION = YES;
				GCC_WARN_UNUSED_VARIABLE = YES;
				IPHONEOS_DEPLOYMENT_TARGET = 13.2;
				MTL_ENABLE_DEBUG_INFO = INCLUDE_SOURCE;
				MTL_FAST_MATH = YES;
				ONLY_ACTIVE_ARCH = YES;
				SDKROOT = iphoneos;
				SWIFT_ACTIVE_COMPILATION_CONDITIONS = DEBUG;
				SWIFT_OPTIMIZATION_LEVEL = "-Onone";
			};
			name = Debug;
		};
		7CB53B032433B1FD001F8F63 /* Release */ = {
			isa = XCBuildConfiguration;
			buildSettings = {
				ALWAYS_SEARCH_USER_PATHS = NO;
				CLANG_ANALYZER_NONNULL = YES;
				CLANG_ANALYZER_NUMBER_OBJECT_CONVERSION = YES_AGGRESSIVE;
				CLANG_CXX_LANGUAGE_STANDARD = "gnu++14";
				CLANG_CXX_LIBRARY = "libc++";
				CLANG_ENABLE_MODULES = YES;
				CLANG_ENABLE_OBJC_ARC = YES;
				CLANG_ENABLE_OBJC_WEAK = YES;
				CLANG_WARN_BLOCK_CAPTURE_AUTORELEASING = YES;
				CLANG_WARN_BOOL_CONVERSION = YES;
				CLANG_WARN_COMMA = YES;
				CLANG_WARN_CONSTANT_CONVERSION = YES;
				CLANG_WARN_DEPRECATED_OBJC_IMPLEMENTATIONS = YES;
				CLANG_WARN_DIRECT_OBJC_ISA_USAGE = YES_ERROR;
				CLANG_WARN_DOCUMENTATION_COMMENTS = YES;
				CLANG_WARN_EMPTY_BODY = YES;
				CLANG_WARN_ENUM_CONVERSION = YES;
				CLANG_WARN_INFINITE_RECURSION = YES;
				CLANG_WARN_INT_CONVERSION = YES;
				CLANG_WARN_NON_LITERAL_NULL_CONVERSION = YES;
				CLANG_WARN_OBJC_IMPLICIT_RETAIN_SELF = YES;
				CLANG_WARN_OBJC_LITERAL_CONVERSION = YES;
				CLANG_WARN_OBJC_ROOT_CLASS = YES_ERROR;
				CLANG_WARN_RANGE_LOOP_ANALYSIS = YES;
				CLANG_WARN_STRICT_PROTOTYPES = YES;
				CLANG_WARN_SUSPICIOUS_MOVE = YES;
				CLANG_WARN_UNGUARDED_AVAILABILITY = YES_AGGRESSIVE;
				CLANG_WARN_UNREACHABLE_CODE = YES;
				CLANG_WARN__DUPLICATE_METHOD_MATCH = YES;
				COPY_PHASE_STRIP = NO;
				DEBUG_INFORMATION_FORMAT = "dwarf-with-dsym";
				ENABLE_NS_ASSERTIONS = NO;
				ENABLE_STRICT_OBJC_MSGSEND = YES;
				GCC_C_LANGUAGE_STANDARD = gnu11;
				GCC_NO_COMMON_BLOCKS = YES;
				GCC_WARN_64_TO_32_BIT_CONVERSION = YES;
				GCC_WARN_ABOUT_RETURN_TYPE = YES_ERROR;
				GCC_WARN_UNDECLARED_SELECTOR = YES;
				GCC_WARN_UNINITIALIZED_AUTOS = YES_AGGRESSIVE;
				GCC_WARN_UNUSED_FUNCTION = YES;
				GCC_WARN_UNUSED_VARIABLE = YES;
				IPHONEOS_DEPLOYMENT_TARGET = 13.2;
				MTL_ENABLE_DEBUG_INFO = NO;
				MTL_FAST_MATH = YES;
				SDKROOT = iphoneos;
				SWIFT_COMPILATION_MODE = wholemodule;
				SWIFT_OPTIMIZATION_LEVEL = "-O";
				VALIDATE_PRODUCT = YES;
			};
			name = Release;
		};
		7CB53B052433B1FD001F8F63 /* Debug */ = {
			isa = XCBuildConfiguration;
			baseConfigurationReference = F998CA8BE184E404C4060764 /* Pods-FinalProjectMSIS.debug.xcconfig */;
			buildSettings = {
				ASSETCATALOG_COMPILER_APPICON_NAME = AppIcon;
				CODE_SIGN_STYLE = Automatic;
				DEVELOPMENT_ASSET_PATHS = "\"FinalProjectMSIS/Preview Content\"";
				ENABLE_PREVIEWS = YES;
				INFOPLIST_FILE = FinalProjectMSIS/Info.plist;
				LD_RUNPATH_SEARCH_PATHS = (
					"$(inherited)",
					"@executable_path/Frameworks",
				);
				PRODUCT_BUNDLE_IDENTIFIER = Okstate.FinalProjectMSIS;
				PRODUCT_NAME = "$(TARGET_NAME)";
				SWIFT_VERSION = 5.0;
				TARGETED_DEVICE_FAMILY = "1,2";
			};
			name = Debug;
		};
		7CB53B062433B1FD001F8F63 /* Release */ = {
			isa = XCBuildConfiguration;
			baseConfigurationReference = 6ADB2974D9F85FB3BF4D6682 /* Pods-FinalProjectMSIS.release.xcconfig */;
			buildSettings = {
				ASSETCATALOG_COMPILER_APPICON_NAME = AppIcon;
				CODE_SIGN_STYLE = Automatic;
				DEVELOPMENT_ASSET_PATHS = "\"FinalProjectMSIS/Preview Content\"";
				ENABLE_PREVIEWS = YES;
				INFOPLIST_FILE = FinalProjectMSIS/Info.plist;
				LD_RUNPATH_SEARCH_PATHS = (
					"$(inherited)",
					"@executable_path/Frameworks",
				);
				PRODUCT_BUNDLE_IDENTIFIER = Okstate.FinalProjectMSIS;
				PRODUCT_NAME = "$(TARGET_NAME)";
				SWIFT_VERSION = 5.0;
				TARGETED_DEVICE_FAMILY = "1,2";
			};
			name = Release;
		};
		7CB53B082433B1FD001F8F63 /* Debug */ = {
			isa = XCBuildConfiguration;
			baseConfigurationReference = D2755152AF1D1F77A98E7B89 /* Pods-FinalProjectMSISTests.debug.xcconfig */;
			buildSettings = {
				ALWAYS_EMBED_SWIFT_STANDARD_LIBRARIES = YES;
				BUNDLE_LOADER = "$(TEST_HOST)";
				CODE_SIGN_STYLE = Automatic;
				INFOPLIST_FILE = FinalProjectMSISTests/Info.plist;
				IPHONEOS_DEPLOYMENT_TARGET = 13.2;
				LD_RUNPATH_SEARCH_PATHS = (
					"$(inherited)",
					"@executable_path/Frameworks",
					"@loader_path/Frameworks",
				);
				PRODUCT_BUNDLE_IDENTIFIER = Okstate.FinalProjectMSISTests;
				PRODUCT_NAME = "$(TARGET_NAME)";
				SWIFT_VERSION = 5.0;
				TARGETED_DEVICE_FAMILY = "1,2";
				TEST_HOST = "$(BUILT_PRODUCTS_DIR)/FinalProjectMSIS.app/FinalProjectMSIS";
			};
			name = Debug;
		};
		7CB53B092433B1FD001F8F63 /* Release */ = {
			isa = XCBuildConfiguration;
			baseConfigurationReference = 16FB29BB88B20EDAB6558599 /* Pods-FinalProjectMSISTests.release.xcconfig */;
			buildSettings = {
				ALWAYS_EMBED_SWIFT_STANDARD_LIBRARIES = YES;
				BUNDLE_LOADER = "$(TEST_HOST)";
				CODE_SIGN_STYLE = Automatic;
				INFOPLIST_FILE = FinalProjectMSISTests/Info.plist;
				IPHONEOS_DEPLOYMENT_TARGET = 13.2;
				LD_RUNPATH_SEARCH_PATHS = (
					"$(inherited)",
					"@executable_path/Frameworks",
					"@loader_path/Frameworks",
				);
				PRODUCT_BUNDLE_IDENTIFIER = Okstate.FinalProjectMSISTests;
				PRODUCT_NAME = "$(TARGET_NAME)";
				SWIFT_VERSION = 5.0;
				TARGETED_DEVICE_FAMILY = "1,2";
				TEST_HOST = "$(BUILT_PRODUCTS_DIR)/FinalProjectMSIS.app/FinalProjectMSIS";
			};
			name = Release;
		};
		7CB53B0B2433B1FD001F8F63 /* Debug */ = {
			isa = XCBuildConfiguration;
			baseConfigurationReference = DB8BAC3B09D026985220FFE5 /* Pods-FinalProjectMSIS-FinalProjectMSISUITests.debug.xcconfig */;
			buildSettings = {
				ALWAYS_EMBED_SWIFT_STANDARD_LIBRARIES = YES;
				CODE_SIGN_STYLE = Automatic;
				INFOPLIST_FILE = FinalProjectMSISUITests/Info.plist;
				LD_RUNPATH_SEARCH_PATHS = (
					"$(inherited)",
					"@executable_path/Frameworks",
					"@loader_path/Frameworks",
				);
				PRODUCT_BUNDLE_IDENTIFIER = Okstate.FinalProjectMSISUITests;
				PRODUCT_NAME = "$(TARGET_NAME)";
				SWIFT_VERSION = 5.0;
				TARGETED_DEVICE_FAMILY = "1,2";
				TEST_TARGET_NAME = FinalProjectMSIS;
			};
			name = Debug;
		};
		7CB53B0C2433B1FD001F8F63 /* Release */ = {
			isa = XCBuildConfiguration;
			baseConfigurationReference = 4167F5CBB25BBC250DD284EC /* Pods-FinalProjectMSIS-FinalProjectMSISUITests.release.xcconfig */;
			buildSettings = {
				ALWAYS_EMBED_SWIFT_STANDARD_LIBRARIES = YES;
				CODE_SIGN_STYLE = Automatic;
				INFOPLIST_FILE = FinalProjectMSISUITests/Info.plist;
				LD_RUNPATH_SEARCH_PATHS = (
					"$(inherited)",
					"@executable_path/Frameworks",
					"@loader_path/Frameworks",
				);
				PRODUCT_BUNDLE_IDENTIFIER = Okstate.FinalProjectMSISUITests;
				PRODUCT_NAME = "$(TARGET_NAME)";
				SWIFT_VERSION = 5.0;
				TARGETED_DEVICE_FAMILY = "1,2";
				TEST_TARGET_NAME = FinalProjectMSIS;
			};
			name = Release;
		};
/* End XCBuildConfiguration section */

/* Begin XCConfigurationList section */
		7CB53AD52433B1FB001F8F63 /* Build configuration list for PBXProject "FinalProjectMSIS" */ = {
			isa = XCConfigurationList;
			buildConfigurations = (
				7CB53B022433B1FD001F8F63 /* Debug */,
				7CB53B032433B1FD001F8F63 /* Release */,
			);
			defaultConfigurationIsVisible = 0;
			defaultConfigurationName = Release;
		};
		7CB53B042433B1FD001F8F63 /* Build configuration list for PBXNativeTarget "FinalProjectMSIS" */ = {
			isa = XCConfigurationList;
			buildConfigurations = (
				7CB53B052433B1FD001F8F63 /* Debug */,
				7CB53B062433B1FD001F8F63 /* Release */,
			);
			defaultConfigurationIsVisible = 0;
			defaultConfigurationName = Release;
		};
		7CB53B072433B1FD001F8F63 /* Build configuration list for PBXNativeTarget "FinalProjectMSISTests" */ = {
			isa = XCConfigurationList;
			buildConfigurations = (
				7CB53B082433B1FD001F8F63 /* Debug */,
				7CB53B092433B1FD001F8F63 /* Release */,
			);
			defaultConfigurationIsVisible = 0;
			defaultConfigurationName = Release;
		};
		7CB53B0A2433B1FD001F8F63 /* Build configuration list for PBXNativeTarget "FinalProjectMSISUITests" */ = {
			isa = XCConfigurationList;
			buildConfigurations = (
				7CB53B0B2433B1FD001F8F63 /* Debug */,
				7CB53B0C2433B1FD001F8F63 /* Release */,
			);
			defaultConfigurationIsVisible = 0;
			defaultConfigurationName = Release;
		};
/* End XCConfigurationList section */
	};
	rootObject = 7CB53AD22433B1FB001F8F63 /* Project object */;
}
